// !$*UTF8*$!
{
	archiveVersion = 1;
	classes = {
	};
	objectVersion = 50;
	objects = {

/* Begin PBXBuildFile section */
		CE371D0F237EEF7300D2669C /* ModelsViewController.swift in Sources */ = {isa = PBXBuildFile; fileRef = CE371D0E237EEF7300D2669C /* ModelsViewController.swift */; };
		CE371D12237EF44A00D2669C /* ModelTableViewCell.swift in Sources */ = {isa = PBXBuildFile; fileRef = CE371D11237EF44A00D2669C /* ModelTableViewCell.swift */; };
		CE371D16237F01C300D2669C /* ModelTableViewCell.xib in Resources */ = {isa = PBXBuildFile; fileRef = CE371D14237F01C300D2669C /* ModelTableViewCell.xib */; };
		CE371D192381648D00D2669C /* UIImageView + extension.swift in Sources */ = {isa = PBXBuildFile; fileRef = CE371D182381648D00D2669C /* UIImageView + extension.swift */; };
		CE371D1C23816B4E00D2669C /* DetailModelTableViewCell.swift in Sources */ = {isa = PBXBuildFile; fileRef = CE371D1A23816B4E00D2669C /* DetailModelTableViewCell.swift */; };
		CE371D1D23816B4E00D2669C /* DetailModelTableViewCell.xib in Resources */ = {isa = PBXBuildFile; fileRef = CE371D1B23816B4E00D2669C /* DetailModelTableViewCell.xib */; };
		CE9B13C9237D81380003EE01 /* AppDelegate.swift in Sources */ = {isa = PBXBuildFile; fileRef = CE9B13C8237D81380003EE01 /* AppDelegate.swift */; };
		CE9B13CB237D81380003EE01 /* SceneDelegate.swift in Sources */ = {isa = PBXBuildFile; fileRef = CE9B13CA237D81380003EE01 /* SceneDelegate.swift */; };
		CE9B13CD237D81390003EE01 /* BrandsViewController.swift in Sources */ = {isa = PBXBuildFile; fileRef = CE9B13CC237D81390003EE01 /* BrandsViewController.swift */; };
		CE9B13D0237D81390003EE01 /* Main.storyboard in Resources */ = {isa = PBXBuildFile; fileRef = CE9B13CE237D81390003EE01 /* Main.storyboard */; };
		CE9B13D2237D813B0003EE01 /* Assets.xcassets in Resources */ = {isa = PBXBuildFile; fileRef = CE9B13D1237D813B0003EE01 /* Assets.xcassets */; };
		CE9B13D5237D813B0003EE01 /* LaunchScreen.storyboard in Resources */ = {isa = PBXBuildFile; fileRef = CE9B13D3237D813B0003EE01 /* LaunchScreen.storyboard */; };
		CE9B13DD237D83E40003EE01 /* NetworkService.swift in Sources */ = {isa = PBXBuildFile; fileRef = CE9B13DC237D83E40003EE01 /* NetworkService.swift */; };
		CE9B13DF237D840C0003EE01 /* FlickrUrlHelper.swift in Sources */ = {isa = PBXBuildFile; fileRef = CE9B13DE237D840C0003EE01 /* FlickrUrlHelper.swift */; };
		CE9B13E1237DA0DB0003EE01 /* FlickrResponse.swift in Sources */ = {isa = PBXBuildFile; fileRef = CE9B13E0237DA0DB0003EE01 /* FlickrResponse.swift */; };
		CE9B13E3237DB2A40003EE01 /* NetworkError.swift in Sources */ = {isa = PBXBuildFile; fileRef = CE9B13E2237DB2A40003EE01 /* NetworkError.swift */; };
		CE9B13E7237E9E9A0003EE01 /* FlickrCamerasBrandsResponse.swift in Sources */ = {isa = PBXBuildFile; fileRef = CE9B13E6237E9E9A0003EE01 /* FlickrCamerasBrandsResponse.swift */; };
		CE9B13E9237E9EC30003EE01 /* FlickrCamerasBrandModelsResponse.swift in Sources */ = {isa = PBXBuildFile; fileRef = CE9B13E8237E9EC30003EE01 /* FlickrCamerasBrandModelsResponse.swift */; };
		CE9B13EB237E9F0C0003EE01 /* ContentInside.swift in Sources */ = {isa = PBXBuildFile; fileRef = CE9B13EA237E9F0C0003EE01 /* ContentInside.swift */; };
		CE9B13EF237ECB2C0003EE01 /* BrandTableViewCell.swift in Sources */ = {isa = PBXBuildFile; fileRef = CE9B13ED237ECB2C0003EE01 /* BrandTableViewCell.swift */; };
/* End PBXBuildFile section */

/* Begin PBXFileReference section */
		CE371D0E237EEF7300D2669C /* ModelsViewController.swift */ = {isa = PBXFileReference; lastKnownFileType = sourcecode.swift; path = ModelsViewController.swift; sourceTree = "<group>"; };
		CE371D11237EF44A00D2669C /* ModelTableViewCell.swift */ = {isa = PBXFileReference; lastKnownFileType = sourcecode.swift; path = ModelTableViewCell.swift; sourceTree = "<group>"; };
		CE371D14237F01C300D2669C /* ModelTableViewCell.xib */ = {isa = PBXFileReference; lastKnownFileType = file.xib; path = ModelTableViewCell.xib; sourceTree = "<group>"; };
		CE371D182381648D00D2669C /* UIImageView + extension.swift */ = {isa = PBXFileReference; lastKnownFileType = sourcecode.swift; path = "UIImageView + extension.swift"; sourceTree = "<group>"; };
		CE371D1A23816B4E00D2669C /* DetailModelTableViewCell.swift */ = {isa = PBXFileReference; lastKnownFileType = sourcecode.swift; path = DetailModelTableViewCell.swift; sourceTree = "<group>"; };
		CE371D1B23816B4E00D2669C /* DetailModelTableViewCell.xib */ = {isa = PBXFileReference; lastKnownFileType = file.xib; path = DetailModelTableViewCell.xib; sourceTree = "<group>"; };
		CE9B13C5237D81380003EE01 /* FlickrCameraFinder.app */ = {isa = PBXFileReference; explicitFileType = wrapper.application; includeInIndex = 0; path = FlickrCameraFinder.app; sourceTree = BUILT_PRODUCTS_DIR; };
		CE9B13C8237D81380003EE01 /* AppDelegate.swift */ = {isa = PBXFileReference; lastKnownFileType = sourcecode.swift; path = AppDelegate.swift; sourceTree = "<group>"; };
		CE9B13CA237D81380003EE01 /* SceneDelegate.swift */ = {isa = PBXFileReference; lastKnownFileType = sourcecode.swift; path = SceneDelegate.swift; sourceTree = "<group>"; };
		CE9B13CC237D81390003EE01 /* BrandsViewController.swift */ = {isa = PBXFileReference; lastKnownFileType = sourcecode.swift; path = BrandsViewController.swift; sourceTree = "<group>"; };
		CE9B13CF237D81390003EE01 /* Base */ = {isa = PBXFileReference; lastKnownFileType = file.storyboard; name = Base; path = Base.lproj/Main.storyboard; sourceTree = "<group>"; };
		CE9B13D1237D813B0003EE01 /* Assets.xcassets */ = {isa = PBXFileReference; lastKnownFileType = folder.assetcatalog; path = Assets.xcassets; sourceTree = "<group>"; };
		CE9B13D4237D813B0003EE01 /* Base */ = {isa = PBXFileReference; lastKnownFileType = file.storyboard; name = Base; path = Base.lproj/LaunchScreen.storyboard; sourceTree = "<group>"; };
		CE9B13D6237D813B0003EE01 /* Info.plist */ = {isa = PBXFileReference; lastKnownFileType = text.plist.xml; path = Info.plist; sourceTree = "<group>"; };
		CE9B13DC237D83E40003EE01 /* NetworkService.swift */ = {isa = PBXFileReference; lastKnownFileType = sourcecode.swift; path = NetworkService.swift; sourceTree = "<group>"; };
		CE9B13DE237D840C0003EE01 /* FlickrUrlHelper.swift */ = {isa = PBXFileReference; lastKnownFileType = sourcecode.swift; path = FlickrUrlHelper.swift; sourceTree = "<group>"; };
		CE9B13E0237DA0DB0003EE01 /* FlickrResponse.swift */ = {isa = PBXFileReference; lastKnownFileType = sourcecode.swift; path = FlickrResponse.swift; sourceTree = "<group>"; };
		CE9B13E2237DB2A40003EE01 /* NetworkError.swift */ = {isa = PBXFileReference; lastKnownFileType = sourcecode.swift; path = NetworkError.swift; sourceTree = "<group>"; };
		CE9B13E6237E9E9A0003EE01 /* FlickrCamerasBrandsResponse.swift */ = {isa = PBXFileReference; lastKnownFileType = sourcecode.swift; path = FlickrCamerasBrandsResponse.swift; sourceTree = "<group>"; };
		CE9B13E8237E9EC30003EE01 /* FlickrCamerasBrandModelsResponse.swift */ = {isa = PBXFileReference; lastKnownFileType = sourcecode.swift; path = FlickrCamerasBrandModelsResponse.swift; sourceTree = "<group>"; };
		CE9B13EA237E9F0C0003EE01 /* ContentInside.swift */ = {isa = PBXFileReference; lastKnownFileType = sourcecode.swift; path = ContentInside.swift; sourceTree = "<group>"; };
		CE9B13ED237ECB2C0003EE01 /* BrandTableViewCell.swift */ = {isa = PBXFileReference; lastKnownFileType = sourcecode.swift; path = BrandTableViewCell.swift; sourceTree = "<group>"; };
/* End PBXFileReference section */

/* Begin PBXFrameworksBuildPhase section */
		CE9B13C2237D81380003EE01 /* Frameworks */ = {
			isa = PBXFrameworksBuildPhase;
			buildActionMask = 2147483647;
			files = (
			);
			runOnlyForDeploymentPostprocessing = 0;
		};
/* End PBXFrameworksBuildPhase section */

/* Begin PBXGroup section */
		CE371D0D237EEF2900D2669C /* ModelsViewController */ = {
			isa = PBXGroup;
			children = (
				CE371D10237EF40F00D2669C /* Cell */,
				CE371D0E237EEF7300D2669C /* ModelsViewController.swift */,
			);
			path = ModelsViewController;
			sourceTree = "<group>";
		};
		CE371D10237EF40F00D2669C /* Cell */ = {
			isa = PBXGroup;
			children = (
				CE371D11237EF44A00D2669C /* ModelTableViewCell.swift */,
				CE371D14237F01C300D2669C /* ModelTableViewCell.xib */,
				CE371D1A23816B4E00D2669C /* DetailModelTableViewCell.swift */,
				CE371D1B23816B4E00D2669C /* DetailModelTableViewCell.xib */,
			);
			path = Cell;
			sourceTree = "<group>";
		};
		CE371D172381646E00D2669C /* Extension */ = {
			isa = PBXGroup;
			children = (
				CE371D182381648D00D2669C /* UIImageView + extension.swift */,
			);
			path = Extension;
			sourceTree = "<group>";
		};
		CE9B13BC237D81380003EE01 = {
			isa = PBXGroup;
			children = (
				CE9B13C7237D81380003EE01 /* FlickrCameraFinder */,
				CE9B13C6237D81380003EE01 /* Products */,
			);
			sourceTree = "<group>";
		};
		CE9B13C6237D81380003EE01 /* Products */ = {
			isa = PBXGroup;
			children = (
				CE9B13C5237D81380003EE01 /* FlickrCameraFinder.app */,
			);
			name = Products;
			sourceTree = "<group>";
		};
		CE9B13C7237D81380003EE01 /* FlickrCameraFinder */ = {
			isa = PBXGroup;
			children = (
				CE9B13C8237D81380003EE01 /* AppDelegate.swift */,
				CE9B13CA237D81380003EE01 /* SceneDelegate.swift */,
				CE9B13E4237E9E110003EE01 /* Service */,
				CE9B13EC237EC9A60003EE01 /* BrandsViewController */,
				CE371D0D237EEF2900D2669C /* ModelsViewController */,
				CE371D172381646E00D2669C /* Extension */,
				CE9B13CE237D81390003EE01 /* Main.storyboard */,
				CE9B13D1237D813B0003EE01 /* Assets.xcassets */,
				CE9B13D3237D813B0003EE01 /* LaunchScreen.storyboard */,
				CE9B13D6237D813B0003EE01 /* Info.plist */,
			);
			path = FlickrCameraFinder;
			sourceTree = "<group>";
		};
		CE9B13E4237E9E110003EE01 /* Service */ = {
			isa = PBXGroup;
			children = (
				CE9B13E5237E9E220003EE01 /* Model */,
				CE9B13DC237D83E40003EE01 /* NetworkService.swift */,
				CE9B13DE237D840C0003EE01 /* FlickrUrlHelper.swift */,
				CE9B13E2237DB2A40003EE01 /* NetworkError.swift */,
			);
			path = Service;
			sourceTree = "<group>";
		};
		CE9B13E5237E9E220003EE01 /* Model */ = {
			isa = PBXGroup;
			children = (
				CE9B13E0237DA0DB0003EE01 /* FlickrResponse.swift */,
				CE9B13E6237E9E9A0003EE01 /* FlickrCamerasBrandsResponse.swift */,
				CE9B13E8237E9EC30003EE01 /* FlickrCamerasBrandModelsResponse.swift */,
				CE9B13EA237E9F0C0003EE01 /* ContentInside.swift */,
			);
			path = Model;
			sourceTree = "<group>";
		};
		CE9B13EC237EC9A60003EE01 /* BrandsViewController */ = {
			isa = PBXGroup;
			children = (
				CE9B13F3237ECBC00003EE01 /* Cell */,
				CE9B13CC237D81390003EE01 /* BrandsViewController.swift */,
			);
			path = BrandsViewController;
			sourceTree = "<group>";
		};
		CE9B13F3237ECBC00003EE01 /* Cell */ = {
			isa = PBXGroup;
			children = (
				CE9B13ED237ECB2C0003EE01 /* BrandTableViewCell.swift */,
			);
			path = Cell;
			sourceTree = "<group>";
		};
/* End PBXGroup section */

/* Begin PBXNativeTarget section */
		CE9B13C4237D81380003EE01 /* FlickrCameraFinder */ = {
			isa = PBXNativeTarget;
			buildConfigurationList = CE9B13D9237D813B0003EE01 /* Build configuration list for PBXNativeTarget "FlickrCameraFinder" */;
			buildPhases = (
				CE9B13C1237D81380003EE01 /* Sources */,
				CE9B13C2237D81380003EE01 /* Frameworks */,
				CE9B13C3237D81380003EE01 /* Resources */,
			);
			buildRules = (
			);
			dependencies = (
			);
			name = FlickrCameraFinder;
			productName = FlickrCameraFinder;
			productReference = CE9B13C5237D81380003EE01 /* FlickrCameraFinder.app */;
			productType = "com.apple.product-type.application";
		};
/* End PBXNativeTarget section */

/* Begin PBXProject section */
		CE9B13BD237D81380003EE01 /* Project object */ = {
			isa = PBXProject;
			attributes = {
				LastSwiftUpdateCheck = 1120;
				LastUpgradeCheck = 1120;
				ORGANIZATIONNAME = "Vadim Mezentsev";
				TargetAttributes = {
					CE9B13C4237D81380003EE01 = {
						CreatedOnToolsVersion = 11.2;
					};
				};
			};
			buildConfigurationList = CE9B13C0237D81380003EE01 /* Build configuration list for PBXProject "FlickrCameraFinder" */;
			compatibilityVersion = "Xcode 9.3";
			developmentRegion = en;
			hasScannedForEncodings = 0;
			knownRegions = (
				en,
				Base,
			);
			mainGroup = CE9B13BC237D81380003EE01;
			productRefGroup = CE9B13C6237D81380003EE01 /* Products */;
			projectDirPath = "";
			projectRoot = "";
			targets = (
				CE9B13C4237D81380003EE01 /* FlickrCameraFinder */,
			);
		};
/* End PBXProject section */

/* Begin PBXResourcesBuildPhase section */
		CE9B13C3237D81380003EE01 /* Resources */ = {
			isa = PBXResourcesBuildPhase;
			buildActionMask = 2147483647;
			files = (
				CE9B13D5237D813B0003EE01 /* LaunchScreen.storyboard in Resources */,
				CE371D1D23816B4E00D2669C /* DetailModelTableViewCell.xib in Resources */,
				CE371D16237F01C300D2669C /* ModelTableViewCell.xib in Resources */,
				CE9B13D2237D813B0003EE01 /* Assets.xcassets in Resources */,
				CE9B13D0237D81390003EE01 /* Main.storyboard in Resources */,
			);
			runOnlyForDeploymentPostprocessing = 0;
		};
/* End PBXResourcesBuildPhase section */

/* Begin PBXSourcesBuildPhase section */
		CE9B13C1237D81380003EE01 /* Sources */ = {
			isa = PBXSourcesBuildPhase;
			buildActionMask = 2147483647;
			files = (
				CE9B13CD237D81390003EE01 /* BrandsViewController.swift in Sources */,
				CE9B13E3237DB2A40003EE01 /* NetworkError.swift in Sources */,
				CE9B13DF237D840C0003EE01 /* FlickrUrlHelper.swift in Sources */,
				CE9B13C9237D81380003EE01 /* AppDelegate.swift in Sources */,
				CE9B13E7237E9E9A0003EE01 /* FlickrCamerasBrandsResponse.swift in Sources */,
				CE9B13DD237D83E40003EE01 /* NetworkService.swift in Sources */,
				CE371D192381648D00D2669C /* UIImageView + extension.swift in Sources */,
				CE9B13E9237E9EC30003EE01 /* FlickrCamerasBrandModelsResponse.swift in Sources */,
				CE9B13EF237ECB2C0003EE01 /* BrandTableViewCell.swift in Sources */,
				CE371D0F237EEF7300D2669C /* ModelsViewController.swift in Sources */,
				CE9B13CB237D81380003EE01 /* SceneDelegate.swift in Sources */,
				CE9B13E1237DA0DB0003EE01 /* FlickrResponse.swift in Sources */,
				CE9B13EB237E9F0C0003EE01 /* ContentInside.swift in Sources */,
				CE371D1C23816B4E00D2669C /* DetailModelTableViewCell.swift in Sources */,
				CE371D12237EF44A00D2669C /* ModelTableViewCell.swift in Sources */,
			);
			runOnlyForDeploymentPostprocessing = 0;
		};
/* End PBXSourcesBuildPhase section */

/* Begin PBXVariantGroup section */
		CE9B13CE237D81390003EE01 /* Main.storyboard */ = {
			isa = PBXVariantGroup;
			children = (
				CE9B13CF237D81390003EE01 /* Base */,
			);
			name = Main.storyboard;
			sourceTree = "<group>";
		};
		CE9B13D3237D813B0003EE01 /* LaunchScreen.storyboard */ = {
			isa = PBXVariantGroup;
			children = (
				CE9B13D4237D813B0003EE01 /* Base */,
			);
			name = LaunchScreen.storyboard;
			sourceTree = "<group>";
		};
/* End PBXVariantGroup section */

/* Begin XCBuildConfiguration section */
		CE9B13D7237D813B0003EE01 /* Debug */ = {
			isa = XCBuildConfiguration;
			buildSettings = {
				ALWAYS_SEARCH_USER_PATHS = NO;
				CLANG_ANALYZER_NONNULL = YES;
				CLANG_ANALYZER_NUMBER_OBJECT_CONVERSION = YES_AGGRESSIVE;
				CLANG_CXX_LANGUAGE_STANDARD = "gnu++14";
				CLANG_CXX_LIBRARY = "libc++";
				CLANG_ENABLE_MODULES = YES;
				CLANG_ENABLE_OBJC_ARC = YES;
				CLANG_ENABLE_OBJC_WEAK = YES;
				CLANG_WARN_BLOCK_CAPTURE_AUTORELEASING = YES;
				CLANG_WARN_BOOL_CONVERSION = YES;
				CLANG_WARN_COMMA = YES;
				CLANG_WARN_CONSTANT_CONVERSION = YES;
				CLANG_WARN_DEPRECATED_OBJC_IMPLEMENTATIONS = YES;
				CLANG_WARN_DIRECT_OBJC_ISA_USAGE = YES_ERROR;
				CLANG_WARN_DOCUMENTATION_COMMENTS = YES;
				CLANG_WARN_EMPTY_BODY = YES;
				CLANG_WARN_ENUM_CONVERSION = YES;
				CLANG_WARN_INFINITE_RECURSION = YES;
				CLANG_WARN_INT_CONVERSION = YES;
				CLANG_WARN_NON_LITERAL_NULL_CONVERSION = YES;
				CLANG_WARN_OBJC_IMPLICIT_RETAIN_SELF = YES;
				CLANG_WARN_OBJC_LITERAL_CONVERSION = YES;
				CLANG_WARN_OBJC_ROOT_CLASS = YES_ERROR;
				CLANG_WARN_RANGE_LOOP_ANALYSIS = YES;
				CLANG_WARN_STRICT_PROTOTYPES = YES;
				CLANG_WARN_SUSPICIOUS_MOVE = YES;
				CLANG_WARN_UNGUARDED_AVAILABILITY = YES_AGGRESSIVE;
				CLANG_WARN_UNREACHABLE_CODE = YES;
				CLANG_WARN__DUPLICATE_METHOD_MATCH = YES;
				COPY_PHASE_STRIP = NO;
				DEBUG_INFORMATION_FORMAT = dwarf;
				ENABLE_STRICT_OBJC_MSGSEND = YES;
				ENABLE_TESTABILITY = YES;
				GCC_C_LANGUAGE_STANDARD = gnu11;
				GCC_DYNAMIC_NO_PIC = NO;
				GCC_NO_COMMON_BLOCKS = YES;
				GCC_OPTIMIZATION_LEVEL = 0;
				GCC_PREPROCESSOR_DEFINITIONS = (
					"DEBUG=1",
					"$(inherited)",
				);
				GCC_WARN_64_TO_32_BIT_CONVERSION = YES;
				GCC_WARN_ABOUT_RETURN_TYPE = YES_ERROR;
				GCC_WARN_UNDECLARED_SELECTOR = YES;
				GCC_WARN_UNINITIALIZED_AUTOS = YES_AGGRESSIVE;
				GCC_WARN_UNUSED_FUNCTION = YES;
				GCC_WARN_UNUSED_VARIABLE = YES;
				IPHONEOS_DEPLOYMENT_TARGET = 13.2;
				MTL_ENABLE_DEBUG_INFO = INCLUDE_SOURCE;
				MTL_FAST_MATH = YES;
				ONLY_ACTIVE_ARCH = YES;
				SDKROOT = iphoneos;
				SWIFT_ACTIVE_COMPILATION_CONDITIONS = DEBUG;
				SWIFT_OPTIMIZATION_LEVEL = "-Onone";
			};
			name = Debug;
		};
		CE9B13D8237D813B0003EE01 /* Release */ = {
			isa = XCBuildConfiguration;
			buildSettings = {
				ALWAYS_SEARCH_USER_PATHS = NO;
				CLANG_ANALYZER_NONNULL = YES;
				CLANG_ANALYZER_NUMBER_OBJECT_CONVERSION = YES_AGGRESSIVE;
				CLANG_CXX_LANGUAGE_STANDARD = "gnu++14";
				CLANG_CXX_LIBRARY = "libc++";
				CLANG_ENABLE_MODULES = YES;
				CLANG_ENABLE_OBJC_ARC = YES;
				CLANG_ENABLE_OBJC_WEAK = YES;
				CLANG_WARN_BLOCK_CAPTURE_AUTORELEASING = YES;
				CLANG_WARN_BOOL_CONVERSION = YES;
				CLANG_WARN_COMMA = YES;
				CLANG_WARN_CONSTANT_CONVERSION = YES;
				CLANG_WARN_DEPRECATED_OBJC_IMPLEMENTATIONS = YES;
				CLANG_WARN_DIRECT_OBJC_ISA_USAGE = YES_ERROR;
				CLANG_WARN_DOCUMENTATION_COMMENTS = YES;
				CLANG_WARN_EMPTY_BODY = YES;
				CLANG_WARN_ENUM_CONVERSION = YES;
				CLANG_WARN_INFINITE_RECURSION = YES;
				CLANG_WARN_INT_CONVERSION = YES;
				CLANG_WARN_NON_LITERAL_NULL_CONVERSION = YES;
				CLANG_WARN_OBJC_IMPLICIT_RETAIN_SELF = YES;
				CLANG_WARN_OBJC_LITERAL_CONVERSION = YES;
				CLANG_WARN_OBJC_ROOT_CLASS = YES_ERROR;
				CLANG_WARN_RANGE_LOOP_ANALYSIS = YES;
				CLANG_WARN_STRICT_PROTOTYPES = YES;
				CLANG_WARN_SUSPICIOUS_MOVE = YES;
				CLANG_WARN_UNGUARDED_AVAILABILITY = YES_AGGRESSIVE;
				CLANG_WARN_UNREACHABLE_CODE = YES;
				CLANG_WARN__DUPLICATE_METHOD_MATCH = YES;
				COPY_PHASE_STRIP = NO;
				DEBUG_INFORMATION_FORMAT = "dwarf-with-dsym";
				ENABLE_NS_ASSERTIONS = NO;
				ENABLE_STRICT_OBJC_MSGSEND = YES;
				GCC_C_LANGUAGE_STANDARD = gnu11;
				GCC_NO_COMMON_BLOCKS = YES;
				GCC_WARN_64_TO_32_BIT_CONVERSION = YES;
				GCC_WARN_ABOUT_RETURN_TYPE = YES_ERROR;
				GCC_WARN_UNDECLARED_SELECTOR = YES;
				GCC_WARN_UNINITIALIZED_AUTOS = YES_AGGRESSIVE;
				GCC_WARN_UNUSED_FUNCTION = YES;
				GCC_WARN_UNUSED_VARIABLE = YES;
				IPHONEOS_DEPLOYMENT_TARGET = 13.2;
				MTL_ENABLE_DEBUG_INFO = NO;
				MTL_FAST_MATH = YES;
				SDKROOT = iphoneos;
				SWIFT_COMPILATION_MODE = wholemodule;
				SWIFT_OPTIMIZATION_LEVEL = "-O";
				VALIDATE_PRODUCT = YES;
			};
			name = Release;
		};
		CE9B13DA237D813B0003EE01 /* Debug */ = {
			isa = XCBuildConfiguration;
			buildSettings = {
				ASSETCATALOG_COMPILER_APPICON_NAME = AppIcon;
				CODE_SIGN_STYLE = Automatic;
				DEVELOPMENT_TEAM = 2L8LLR7U92;
				INFOPLIST_FILE = FlickrCameraFinder/Info.plist;
				LD_RUNPATH_SEARCH_PATHS = (
					"$(inherited)",
					"@executable_path/Frameworks",
				);
				PRODUCT_BUNDLE_IDENTIFIER = vm.FlickrCameraFinder;
				PRODUCT_NAME = "$(TARGET_NAME)";
				SWIFT_VERSION = 5.0;
				TARGETED_DEVICE_FAMILY = 1;
			};
			name = Debug;
		};
		CE9B13DB237D813B0003EE01 /* Release */ = {
			isa = XCBuildConfiguration;
			buildSettings = {
				ASSETCATALOG_COMPILER_APPICON_NAME = AppIcon;
				CODE_SIGN_STYLE = Automatic;
				DEVELOPMENT_TEAM = 2L8LLR7U92;
				INFOPLIST_FILE = FlickrCameraFinder/Info.plist;
				LD_RUNPATH_SEARCH_PATHS = (
					"$(inherited)",
					"@executable_path/Frameworks",
				);
				PRODUCT_BUNDLE_IDENTIFIER = vm.FlickrCameraFinder;
				PRODUCT_NAME = "$(TARGET_NAME)";
				SWIFT_VERSION = 5.0;
				TARGETED_DEVICE_FAMILY = 1;
			};
			name = Release;
		};
/* End XCBuildConfiguration section */

/* Begin XCConfigurationList section */
		CE9B13C0237D81380003EE01 /* Build configuration list for PBXProject "FlickrCameraFinder" */ = {
			isa = XCConfigurationList;
			buildConfigurations = (
				CE9B13D7237D813B0003EE01 /* Debug */,
				CE9B13D8237D813B0003EE01 /* Release */,
			);
			defaultConfigurationIsVisible = 0;
			defaultConfigurationName = Release;
		};
		CE9B13D9237D813B0003EE01 /* Build configuration list for PBXNativeTarget "FlickrCameraFinder" */ = {
			isa = XCConfigurationList;
			buildConfigurations = (
				CE9B13DA237D813B0003EE01 /* Debug */,
				CE9B13DB237D813B0003EE01 /* Release */,
			);
			defaultConfigurationIsVisible = 0;
			defaultConfigurationName = Release;
		};
/* End XCConfigurationList section */
	};
	rootObject = CE9B13BD237D81380003EE01 /* Project object */;
}
